
Microsoft Visual Studio Solution File, Format Version 12.00
# Visual Studio Version 16
VisualStudioVersion = 16.0.31205.134
MinimumVisualStudioVersion = 10.0.40219.1
Project("{8BC9CEB8-8B4A-11D0-8D11-00A0C91BC942}") = "Lock-Free-Stack", "Lock-Free-Stack\Lock-Free-Stack.vcxproj", "{7CE8D46B-944E-4983-955E-D8D2798276E3}"
EndProject
Project("{8BC9CEB8-8B4A-11D0-8D11-00A0C91BC942}") = "Tests", "Tests\Tests.vcxproj", "{453E389C-2D1A-4AEC-A646-56BE706BB3F5}"
EndProject
Global
	GlobalSection(SolutionConfigurationPlatforms) = preSolution
		Debug|x64 = Debug|x64
		Debug|x86 = Debug|x86
		Release|x64 = Release|x64
		Release|x86 = Release|x86
	EndGlobalSection
	GlobalSection(ProjectConfigurationPlatforms) = postSolution
		{7CE8D46B-944E-4983-955E-D8D2798276E3}.Debug|x64.ActiveCfg = Debug|x64
		{7CE8D46B-944E-4983-955E-D8D2798276E3}.Debug|x64.Build.0 = Debug|x64
		{7CE8D46B-944E-4983-955E-D8D2798276E3}.Debug|x86.ActiveCfg = Debug|Win32
		{7CE8D46B-944E-4983-955E-D8D2798276E3}.Debug|x86.Build.0 = Debug|Win32
		{7CE8D46B-944E-4983-955E-D8D2798276E3}.Release|x64.ActiveCfg = Release|x64
		{7CE8D46B-944E-4983-955E-D8D2798276E3}.Release|x64.Build.0 = Release|x64
		{7CE8D46B-944E-4983-955E-D8D2798276E3}.Release|x86.ActiveCfg = Release|Win32
		{7CE8D46B-944E-4983-955E-D8D2798276E3}.Release|x86.Build.0 = Release|Win32
		{453E389C-2D1A-4AEC-A646-56BE706BB3F5}.Debug|x64.ActiveCfg = Debug|x64
		{453E389C-2D1A-4AEC-A646-56BE706BB3F5}.Debug|x64.Build.0 = Debug|x64
		{453E389C-2D1A-4AEC-A646-56BE706BB3F5}.Debug|x86.ActiveCfg = Debug|Win32
		{453E389C-2D1A-4AEC-A646-56BE706BB3F5}.Debug|x86.Build.0 = Debug|Win32
		{453E389C-2D1A-4AEC-A646-56BE706BB3F5}.Release|x64.ActiveCfg = Release|x64
		{453E389C-2D1A-4AEC-A646-56BE706BB3F5}.Release|x64.Build.0 = Release|x64
		{453E389C-2D1A-4AEC-A646-56BE706BB3F5}.Release|x86.ActiveCfg = Release|Win32
		{453E389C-2D1A-4AEC-A646-56BE706BB3F5}.Release|x86.Build.0 = Release|Win32
	EndGlobalSection
	GlobalSection(SolutionProperties) = preSolution
		HideSolutionNode = FALSE
	EndGlobalSection
	GlobalSection(ExtensibilityGlobals) = postSolution
		SolutionGuid = {BAE0A909-CB57-4E37-9AD4-1867BCEFDD3D}
	EndGlobalSection
EndGlobal
